--- 
dependencies: 
  rspec: 
    group: 
    - :development
    version: ">= 1.3.0"
  bundler: 
    group: 
    - :development
    version: ">= 0"
  pickle: 
    group: 
    - :default
    version: ">= 0.3.0"
  mongoid: 
    group: 
    - :default
    version: ">= 2.0.0.beta.7"
specs: 
- activesupport: 
    version: 3.0.0.rc
- builder: 
    version: 2.1.2
- i18n: 
    version: 0.4.1
- activemodel: 
    version: 3.0.0.rc
- bson: 
    version: 1.0.4
- bundler: 
    version: 0.9.26
- mongo: 
    version: 1.0.6
- tzinfo: 
    version: 0.3.22
- will_paginate: 
    version: 3.0.pre2
- mongoid: 
    version: 2.0.0.beta.14
- pickle: 
    version: 0.3.0
- rspec: 
    version: 1.3.0
hash: 842a20807cc9dee2dbdb2a75fd92200f0f057395
sources: 
- Rubygems: 
    uri: http://gemcutter.org
